
Microsoft Visual Studio Solution File, Format Version 12.00
# Visual Studio 15
VisualStudioVersion = 15.0.27130.2036
MinimumVisualStudioVersion = 10.0.40219.1
Project("{9092AA53-FB77-4645-B42D-1CCCA6BD08BD}") = "uploader", "uploader\uploader.njsproj", "{929DB7AF-FB0C-4A19-818D-7A9A0B1A81A1}"
EndProject
Global
	GlobalSection(SolutionConfigurationPlatforms) = preSolution
		Debug|Any CPU = Debug|Any CPU
		Release|Any CPU = Release|Any CPU
	EndGlobalSection
	GlobalSection(ProjectConfigurationPlatforms) = postSolution
		{929DB7AF-FB0C-4A19-818D-7A9A0B1A81A1}.Debug|Any CPU.ActiveCfg = Debug|Any CPU
		{929DB7AF-FB0C-4A19-818D-7A9A0B1A81A1}.Debug|Any CPU.Build.0 = Debug|Any CPU
		{929DB7AF-FB0C-4A19-818D-7A9A0B1A81A1}.Release|Any CPU.ActiveCfg = Release|Any CPU
		{929DB7AF-FB0C-4A19-818D-7A9A0B1A81A1}.Release|Any CPU.Build.0 = Release|Any CPU
	EndGlobalSection
	GlobalSection(SolutionProperties) = preSolution
		HideSolutionNode = FALSE
	EndGlobalSection
	GlobalSection(ExtensibilityGlobals) = postSolution
		SolutionGuid = {DC47A380-45AE-41B7-95DA-47B1A952B5E1}
	EndGlobalSection
EndGlobal
